
Microsoft Visual Studio Solution File, Format Version 12.00
Project("{FAE04EC0-301F-11D3-BF4B-00C04F79EFBC}") = "PDI.K8s.LoadBalancer_HPA.MinimalApi", "src\PDI.K8s.LoadBalancer_HPA.MinimalApi\PDI.K8s.LoadBalancer_HPA.MinimalApi.csproj", "{9CA040F4-FDB4-4DAC-A591-6EC44A6F80E6}"
EndProject
Global
	GlobalSection(SolutionConfigurationPlatforms) = preSolution
		Debug|Any CPU = Debug|Any CPU
		Release|Any CPU = Release|Any CPU
	EndGlobalSection
	GlobalSection(ProjectConfigurationPlatforms) = postSolution
		{9CA040F4-FDB4-4DAC-A591-6EC44A6F80E6}.Debug|Any CPU.ActiveCfg = Debug|Any CPU
		{9CA040F4-FDB4-4DAC-A591-6EC44A6F80E6}.Debug|Any CPU.Build.0 = Debug|Any CPU
		{9CA040F4-FDB4-4DAC-A591-6EC44A6F80E6}.Release|Any CPU.ActiveCfg = Release|Any CPU
		{9CA040F4-FDB4-4DAC-A591-6EC44A6F80E6}.Release|Any CPU.Build.0 = Release|Any CPU
	EndGlobalSection
EndGlobal
